
Microsoft Visual Studio Solution File, Format Version 12.00
# Visual Studio Version 17
VisualStudioVersion = 17.6.33815.320
MinimumVisualStudioVersion = 10.0.40219.1
Project("{FAE04EC0-301F-11D3-BF4B-00C04F79EFBC}") = "Fun", "Fun\Fun.csproj", "{9028951D-7ED4-4A9F-B2DE-D39F7852F0E4}"
EndProject
Global
	GlobalSection(SolutionConfigurationPlatforms) = preSolution
		Debug|Any CPU = Debug|Any CPU
		Release|Any CPU = Release|Any CPU
	EndGlobalSection
	GlobalSection(ProjectConfigurationPlatforms) = postSolution
		{9028951D-7ED4-4A9F-B2DE-D39F7852F0E4}.Debug|Any CPU.ActiveCfg = Debug|Any CPU
		{9028951D-7ED4-4A9F-B2DE-D39F7852F0E4}.Debug|Any CPU.Build.0 = Debug|Any CPU
		{9028951D-7ED4-4A9F-B2DE-D39F7852F0E4}.Release|Any CPU.ActiveCfg = Release|Any CPU
		{9028951D-7ED4-4A9F-B2DE-D39F7852F0E4}.Release|Any CPU.Build.0 = Release|Any CPU
	EndGlobalSection
	GlobalSection(SolutionProperties) = preSolution
		HideSolutionNode = FALSE
	EndGlobalSection
	GlobalSection(ExtensibilityGlobals) = postSolution
		SolutionGuid = {1EA33E63-3501-4AC5-BFFB-D91773F5A5F1}
	EndGlobalSection
EndGlobal
